Microsoft Visual Studio Solution File, Format Version 12.00
# Visual Studio Version 17
VisualStudioVersion = 17.5.2.0
MinimumVisualStudioVersion = 10.0.40219.1
Project("{FAE04EC0-301F-11D3-BF4B-00C04F79EFBC}") = "RPGConsoleApp", "RPGConsoleApp\RPGConsoleApp.csproj", "{7027F783-4CA4-72F3-4505-0EA2F9C312D9}"
EndProject
Global
	GlobalSection(SolutionConfigurationPlatforms) = preSolution
		Debug|Any CPU = Debug|Any CPU
		Release|Any CPU = Release|Any CPU
	EndGlobalSection
	GlobalSection(ProjectConfigurationPlatforms) = postSolution
		{7027F783-4CA4-72F3-4505-0EA2F9C312D9}.Debug|Any CPU.ActiveCfg = Debug|Any CPU
		{7027F783-4CA4-72F3-4505-0EA2F9C312D9}.Debug|Any CPU.Build.0 = Debug|Any CPU
		{7027F783-4CA4-72F3-4505-0EA2F9C312D9}.Release|Any CPU.ActiveCfg = Release|Any CPU
		{7027F783-4CA4-72F3-4505-0EA2F9C312D9}.Release|Any CPU.Build.0 = Release|Any CPU
	EndGlobalSection
	GlobalSection(SolutionProperties) = preSolution
		HideSolutionNode = FALSE
	EndGlobalSection
	GlobalSection(ExtensibilityGlobals) = postSolution
		SolutionGuid = {ECEB6E48-9731-44A0-A56E-7F7AC2A85FDC}
	EndGlobalSection
EndGlobal
